
Microsoft Visual Studio Solution File, Format Version 12.00
# Visual Studio Version 16
VisualStudioVersion = 16.0.29503.13
MinimumVisualStudioVersion = 10.0.40219.1
Project("{FAE04EC0-301F-11D3-BF4B-00C04F79EFBC}") = "OdeToFood", "OdeToFood\OdeToFood.csproj", "{DFEC3189-7CA2-4BA2-86EF-5B2628D80C7D}"
EndProject
Global
	GlobalSection(SolutionConfigurationPlatforms) = preSolution
		Debug|Any CPU = Debug|Any CPU
		Release|Any CPU = Release|Any CPU
	EndGlobalSection
	GlobalSection(ProjectConfigurationPlatforms) = postSolution
		{DFEC3189-7CA2-4BA2-86EF-5B2628D80C7D}.Debug|Any CPU.ActiveCfg = Debug|Any CPU
		{DFEC3189-7CA2-4BA2-86EF-5B2628D80C7D}.Debug|Any CPU.Build.0 = Debug|Any CPU
		{DFEC3189-7CA2-4BA2-86EF-5B2628D80C7D}.Release|Any CPU.ActiveCfg = Release|Any CPU
		{DFEC3189-7CA2-4BA2-86EF-5B2628D80C7D}.Release|Any CPU.Build.0 = Release|Any CPU
	EndGlobalSection
	GlobalSection(SolutionProperties) = preSolution
		HideSolutionNode = FALSE
	EndGlobalSection
	GlobalSection(ExtensibilityGlobals) = postSolution
		SolutionGuid = {E0E13A90-1AE4-4725-9E81-07DF6F3F0AEC}
	EndGlobalSection
EndGlobal
